
Microsoft Visual Studio Solution File, Format Version 12.00
# Visual Studio 14
VisualStudioVersion = 14.0.25420.1
MinimumVisualStudioVersion = 10.0.40219.1
Project("{FAE04EC0-301F-11D3-BF4B-00C04F79EFBC}") = "Reminder.WebUI", "Reminder.WebUI\Reminder.WebUI.csproj", "{022B5458-F549-4F0E-A59B-7909A3218686}"
	ProjectSection(ProjectDependencies) = postProject
		{4E5C3EB4-9A49-443E-BB0D-D97D56DF93FE} = {4E5C3EB4-9A49-443E-BB0D-D97D56DF93FE}
		{9277EFED-FCC3-4E0E-A6D9-C0760B657873} = {9277EFED-FCC3-4E0E-A6D9-C0760B657873}
		{C32F04F1-CC8F-4D7A-9B10-462F37C3FDFE} = {C32F04F1-CC8F-4D7A-9B10-462F37C3FDFE}
	EndProjectSection
EndProject
Project("{FAE04EC0-301F-11D3-BF4B-00C04F79EFBC}") = "Reminder.Common", "Reminder.Domain\Reminder.Common.csproj", "{9277EFED-FCC3-4E0E-A6D9-C0760B657873}"
EndProject
Project("{FAE04EC0-301F-11D3-BF4B-00C04F79EFBC}") = "Reminder.Business", "Reminder.Business\Reminder.Business.csproj", "{6FBF9DC2-9D08-492E-A0C9-D8CBCCA22D64}"
EndProject
Project("{FAE04EC0-301F-11D3-BF4B-00C04F79EFBC}") = "Reminder.Data", "Reminder.Data\Reminder.Data.csproj", "{4E5C3EB4-9A49-443E-BB0D-D97D56DF93FE}"
	ProjectSection(ProjectDependencies) = postProject
		{C32F04F1-CC8F-4D7A-9B10-462F37C3FDFE} = {C32F04F1-CC8F-4D7A-9B10-462F37C3FDFE}
	EndProjectSection
EndProject
Project("{FAE04EC0-301F-11D3-BF4B-00C04F79EFBC}") = "Reminder.Dependencies", "Reminder.Dependencies\Reminder.Dependencies.csproj", "{988DF16D-5BBF-49D9-8495-897EC866E353}"
EndProject
Project("{FAE04EC0-301F-11D3-BF4B-00C04F79EFBC}") = "Reminder.Service", "Reminder.Service\Reminder.Service.csproj", "{C32F04F1-CC8F-4D7A-9B10-462F37C3FDFE}"
EndProject
Project("{FAE04EC0-301F-11D3-BF4B-00C04F79EFBC}") = "Reminder.Service.Contracts", "Reminder.Service.Contracts\Reminder.Service.Contracts.csproj", "{13D9DED1-DE6D-4195-A825-5B9B503FB1E0}"
EndProject
Project("{FAE04EC0-301F-11D3-BF4B-00C04F79EFBC}") = "Reminder.Service.ModelsDto", "Reminder.Service.ModelDto\Reminder.Service.ModelsDto.csproj", "{BA52DE9D-C613-4D94-B911-06CAF375FADC}"
EndProject
Project("{2150E333-8FDC-42A3-9474-1A3956D46DE8}") = "App", "App", "{FF2B25CE-20C7-48CC-AB57-8374CEA68FB8}"
EndProject
Project("{2150E333-8FDC-42A3-9474-1A3956D46DE8}") = "Service", "Service", "{F72AAE76-A10D-45F4-A6D7-9A9AF99DD636}"
EndProject
Global
	GlobalSection(SolutionConfigurationPlatforms) = preSolution
		Debug|Any CPU = Debug|Any CPU
		Release|Any CPU = Release|Any CPU
	EndGlobalSection
	GlobalSection(ProjectConfigurationPlatforms) = postSolution
		{022B5458-F549-4F0E-A59B-7909A3218686}.Debug|Any CPU.ActiveCfg = Debug|Any CPU
		{022B5458-F549-4F0E-A59B-7909A3218686}.Debug|Any CPU.Build.0 = Debug|Any CPU
		{022B5458-F549-4F0E-A59B-7909A3218686}.Release|Any CPU.ActiveCfg = Release|Any CPU
		{022B5458-F549-4F0E-A59B-7909A3218686}.Release|Any CPU.Build.0 = Release|Any CPU
		{9277EFED-FCC3-4E0E-A6D9-C0760B657873}.Debug|Any CPU.ActiveCfg = Debug|Any CPU
		{9277EFED-FCC3-4E0E-A6D9-C0760B657873}.Debug|Any CPU.Build.0 = Debug|Any CPU
		{9277EFED-FCC3-4E0E-A6D9-C0760B657873}.Release|Any CPU.ActiveCfg = Release|Any CPU
		{9277EFED-FCC3-4E0E-A6D9-C0760B657873}.Release|Any CPU.Build.0 = Release|Any CPU
		{6FBF9DC2-9D08-492E-A0C9-D8CBCCA22D64}.Debug|Any CPU.ActiveCfg = Debug|Any CPU
		{6FBF9DC2-9D08-492E-A0C9-D8CBCCA22D64}.Debug|Any CPU.Build.0 = Debug|Any CPU
		{6FBF9DC2-9D08-492E-A0C9-D8CBCCA22D64}.Release|Any CPU.ActiveCfg = Release|Any CPU
		{6FBF9DC2-9D08-492E-A0C9-D8CBCCA22D64}.Release|Any CPU.Build.0 = Release|Any CPU
		{4E5C3EB4-9A49-443E-BB0D-D97D56DF93FE}.Debug|Any CPU.ActiveCfg = Debug|Any CPU
		{4E5C3EB4-9A49-443E-BB0D-D97D56DF93FE}.Debug|Any CPU.Build.0 = Debug|Any CPU
		{4E5C3EB4-9A49-443E-BB0D-D97D56DF93FE}.Release|Any CPU.ActiveCfg = Release|Any CPU
		{4E5C3EB4-9A49-443E-BB0D-D97D56DF93FE}.Release|Any CPU.Build.0 = Release|Any CPU
		{988DF16D-5BBF-49D9-8495-897EC866E353}.Debug|Any CPU.ActiveCfg = Debug|Any CPU
		{988DF16D-5BBF-49D9-8495-897EC866E353}.Debug|Any CPU.Build.0 = Debug|Any CPU
		{988DF16D-5BBF-49D9-8495-897EC866E353}.Release|Any CPU.ActiveCfg = Release|Any CPU
		{988DF16D-5BBF-49D9-8495-897EC866E353}.Release|Any CPU.Build.0 = Release|Any CPU
		{C32F04F1-CC8F-4D7A-9B10-462F37C3FDFE}.Debug|Any CPU.ActiveCfg = Debug|Any CPU
		{C32F04F1-CC8F-4D7A-9B10-462F37C3FDFE}.Debug|Any CPU.Build.0 = Debug|Any CPU
		{C32F04F1-CC8F-4D7A-9B10-462F37C3FDFE}.Release|Any CPU.ActiveCfg = Release|Any CPU
		{C32F04F1-CC8F-4D7A-9B10-462F37C3FDFE}.Release|Any CPU.Build.0 = Release|Any CPU
		{13D9DED1-DE6D-4195-A825-5B9B503FB1E0}.Debug|Any CPU.ActiveCfg = Debug|Any CPU
		{13D9DED1-DE6D-4195-A825-5B9B503FB1E0}.Debug|Any CPU.Build.0 = Debug|Any CPU
		{13D9DED1-DE6D-4195-A825-5B9B503FB1E0}.Release|Any CPU.ActiveCfg = Release|Any CPU
		{13D9DED1-DE6D-4195-A825-5B9B503FB1E0}.Release|Any CPU.Build.0 = Release|Any CPU
		{BA52DE9D-C613-4D94-B911-06CAF375FADC}.Debug|Any CPU.ActiveCfg = Debug|Any CPU
		{BA52DE9D-C613-4D94-B911-06CAF375FADC}.Debug|Any CPU.Build.0 = Debug|Any CPU
		{BA52DE9D-C613-4D94-B911-06CAF375FADC}.Release|Any CPU.ActiveCfg = Release|Any CPU
		{BA52DE9D-C613-4D94-B911-06CAF375FADC}.Release|Any CPU.Build.0 = Release|Any CPU
	EndGlobalSection
	GlobalSection(SolutionProperties) = preSolution
		HideSolutionNode = FALSE
	EndGlobalSection
	GlobalSection(NestedProjects) = preSolution
		{022B5458-F549-4F0E-A59B-7909A3218686} = {FF2B25CE-20C7-48CC-AB57-8374CEA68FB8}
		{9277EFED-FCC3-4E0E-A6D9-C0760B657873} = {FF2B25CE-20C7-48CC-AB57-8374CEA68FB8}
		{6FBF9DC2-9D08-492E-A0C9-D8CBCCA22D64} = {FF2B25CE-20C7-48CC-AB57-8374CEA68FB8}
		{4E5C3EB4-9A49-443E-BB0D-D97D56DF93FE} = {FF2B25CE-20C7-48CC-AB57-8374CEA68FB8}
		{988DF16D-5BBF-49D9-8495-897EC866E353} = {FF2B25CE-20C7-48CC-AB57-8374CEA68FB8}
		{C32F04F1-CC8F-4D7A-9B10-462F37C3FDFE} = {F72AAE76-A10D-45F4-A6D7-9A9AF99DD636}
		{13D9DED1-DE6D-4195-A825-5B9B503FB1E0} = {F72AAE76-A10D-45F4-A6D7-9A9AF99DD636}
		{BA52DE9D-C613-4D94-B911-06CAF375FADC} = {F72AAE76-A10D-45F4-A6D7-9A9AF99DD636}
	EndGlobalSection
EndGlobal
